github.com/google/go-cmp v0.3.1 h1:Xye71clBPdm5HgqGwUkwhbynsUJZhDbS20FvLhQ2izg=
github.com/google/go-cmp v0.3.1/go.mod h1:8QqcDgzrUqlUb/G2PQTWiueGozuR1884gddMywk6iLU=
github.com/influxdata/influxdb v0.0.0-20191010223309-589d278b24fe h1:UcF4uZqK2Q6trUcDyfwCKHb+2y2hk2RCJdUa/gUfS4Y=
github.com/influxdata/influxdb v0.0.0-20191010223309-589d278b24fe/go.mod h1:qZna6X/4elxqT3yI9iZYdZrWWdeFOOprn86kgg4+IzY=
